
Microsoft Visual Studio Solution File, Format Version 12.00
# Visual Studio 15
VisualStudioVersion = 15.0.27130.2036
MinimumVisualStudioVersion = 10.0.40219.1
Project("{FAE04EC0-301F-11D3-BF4B-00C04F79EFBC}") = "Anna_Baseley_Lab7", "Anna_Baseley_Lab7\Anna_Baseley_Lab7.csproj", "{AB651FC3-3313-41C8-88B1-29648B221A29}"
EndProject
Global
	GlobalSection(SolutionConfigurationPlatforms) = preSolution
		Debug|Any CPU = Debug|Any CPU
		Release|Any CPU = Release|Any CPU
	EndGlobalSection
	GlobalSection(ProjectConfigurationPlatforms) = postSolution
		{AB651FC3-3313-41C8-88B1-29648B221A29}.Debug|Any CPU.ActiveCfg = Debug|Any CPU
		{AB651FC3-3313-41C8-88B1-29648B221A29}.Debug|Any CPU.Build.0 = Debug|Any CPU
		{AB651FC3-3313-41C8-88B1-29648B221A29}.Release|Any CPU.ActiveCfg = Release|Any CPU
		{AB651FC3-3313-41C8-88B1-29648B221A29}.Release|Any CPU.Build.0 = Release|Any CPU
	EndGlobalSection
	GlobalSection(SolutionProperties) = preSolution
		HideSolutionNode = FALSE
	EndGlobalSection
	GlobalSection(ExtensibilityGlobals) = postSolution
		SolutionGuid = {F33B4DFD-D1FB-4B0C-916E-54DEEF3BB0DD}
	EndGlobalSection
EndGlobal
